
Microsoft Visual Studio Solution File, Format Version 12.00
# Visual Studio 15
VisualStudioVersion = 15.0.26430.12
MinimumVisualStudioVersion = 10.0.40219.1
Project("{FAE04EC0-301F-11D3-BF4B-00C04F79EFBC}") = "Tests", "Tests\Tests.csproj", "{63B37849-7F3A-4AD6-889B-1BB6110812EF}"
EndProject
Project("{FAE04EC0-301F-11D3-BF4B-00C04F79EFBC}") = "FunWithMethods", "FunWithMethods\FunWithMethods.csproj", "{134CF097-9AE1-4EA8-828C-CA729568269C}"
EndProject
Project("{FAE04EC0-301F-11D3-BF4B-00C04F79EFBC}") = "FunWithArrays", "FunWithArrays\FunWithArrays.csproj", "{2720CB8D-4EBF-4EB3-AF4D-6CFB36122630}"
EndProject
Project("{FAE04EC0-301F-11D3-BF4B-00C04F79EFBC}") = "FunWithEnum", "FunWithEnum\FunWithEnum.csproj", "{89C1499D-C765-461D-9DBC-8EC0E75173B9}"
EndProject
Project("{FAE04EC0-301F-11D3-BF4B-00C04F79EFBC}") = "FunWithStructure", "FunWithStructure\FunWithStructure.csproj", "{7770038C-8C42-49DC-8CB8-2464395C5FA9}"
EndProject
Project("{FAE04EC0-301F-11D3-BF4B-00C04F79EFBC}") = "SimpleClassExample", "SimpleClassExample\SimpleClassExample.csproj", "{5312BE19-52C6-4C56-B67C-DF9493F7F083}"
EndProject
Project("{FAE04EC0-301F-11D3-BF4B-00C04F79EFBC}") = "StaticMethods", "StaticMethods\StaticMethods.csproj", "{FA9BEB70-82E8-4042-AFFE-2830CF6EC6A9}"
EndProject
Project("{FAE04EC0-301F-11D3-BF4B-00C04F79EFBC}") = "StaticClassAndCtor", "StaticClassAndCtor\StaticClassAndCtor.csproj", "{3F5339C0-1305-4AE0-9E44-AD4E7D73D3DE}"
EndProject
Project("{FAE04EC0-301F-11D3-BF4B-00C04F79EFBC}") = "EmployeeApp", "EmployeeApp\EmployeeApp.csproj", "{565F0385-3D23-4F73-A168-7ECEAB370193}"
EndProject
Project("{FAE04EC0-301F-11D3-BF4B-00C04F79EFBC}") = "Initialisation", "Initialisation\Initialisation.csproj", "{1FC2D3C4-B53C-420E-BA6A-3250DDCDAA3E}"
EndProject
Project("{FAE04EC0-301F-11D3-BF4B-00C04F79EFBC}") = "BasicInheritance", "BasicInheritance\BasicInheritance.csproj", "{9F1E7052-6A12-4949-98C3-241E6C202693}"
EndProject
Project("{FAE04EC0-301F-11D3-BF4B-00C04F79EFBC}") = "Employee", "Employee\Employee.csproj", "{9F62C1FD-7EF0-40D1-9D6C-65B0F99BE467}"
EndProject
Project("{FAE04EC0-301F-11D3-BF4B-00C04F79EFBC}") = "AbstractClases", "AbstractClases\AbstractClases.csproj", "{508982D8-1A70-4E76-AB3E-D2C52FA023DE}"
EndProject
Project("{FAE04EC0-301F-11D3-BF4B-00C04F79EFBC}") = "CastingTypes", "CastingTypes\CastingTypes.csproj", "{AE749D91-6EC5-4DDA-9FBF-D2DE6866C189}"
EndProject
Project("{FAE04EC0-301F-11D3-BF4B-00C04F79EFBC}") = "SimpleException", "SimpleException\SimpleException.csproj", "{83E38067-3912-4235-8B47-C48B1F114466}"
EndProject
Project("{FAE04EC0-301F-11D3-BF4B-00C04F79EFBC}") = "CustomException", "CustomException\CustomException.csproj", "{B070FB03-1773-44CD-85D9-97F90C67C69D}"
EndProject
Project("{FAE04EC0-301F-11D3-BF4B-00C04F79EFBC}") = "CrocessMultipleExceptions", "CrocessMultipleExceptions\CrocessMultipleExceptions.csproj", "{ED487EB1-5D3C-4BD5-AAA1-06CAD21DE85B}"
EndProject
Project("{FAE04EC0-301F-11D3-BF4B-00C04F79EFBC}") = "temp", "temp\temp.csproj", "{732998A4-6C57-4A98-BD7A-53850D4402AF}"
EndProject
Global
	GlobalSection(SolutionConfigurationPlatforms) = preSolution
		Debug|Any CPU = Debug|Any CPU
		Release|Any CPU = Release|Any CPU
	EndGlobalSection
	GlobalSection(ProjectConfigurationPlatforms) = postSolution
		{63B37849-7F3A-4AD6-889B-1BB6110812EF}.Debug|Any CPU.ActiveCfg = Debug|Any CPU
		{63B37849-7F3A-4AD6-889B-1BB6110812EF}.Debug|Any CPU.Build.0 = Debug|Any CPU
		{63B37849-7F3A-4AD6-889B-1BB6110812EF}.Release|Any CPU.ActiveCfg = Release|Any CPU
		{63B37849-7F3A-4AD6-889B-1BB6110812EF}.Release|Any CPU.Build.0 = Release|Any CPU
		{134CF097-9AE1-4EA8-828C-CA729568269C}.Debug|Any CPU.ActiveCfg = Debug|Any CPU
		{134CF097-9AE1-4EA8-828C-CA729568269C}.Debug|Any CPU.Build.0 = Debug|Any CPU
		{134CF097-9AE1-4EA8-828C-CA729568269C}.Release|Any CPU.ActiveCfg = Release|Any CPU
		{134CF097-9AE1-4EA8-828C-CA729568269C}.Release|Any CPU.Build.0 = Release|Any CPU
		{2720CB8D-4EBF-4EB3-AF4D-6CFB36122630}.Debug|Any CPU.ActiveCfg = Debug|Any CPU
		{2720CB8D-4EBF-4EB3-AF4D-6CFB36122630}.Debug|Any CPU.Build.0 = Debug|Any CPU
		{2720CB8D-4EBF-4EB3-AF4D-6CFB36122630}.Release|Any CPU.ActiveCfg = Release|Any CPU
		{2720CB8D-4EBF-4EB3-AF4D-6CFB36122630}.Release|Any CPU.Build.0 = Release|Any CPU
		{89C1499D-C765-461D-9DBC-8EC0E75173B9}.Debug|Any CPU.ActiveCfg = Debug|Any CPU
		{89C1499D-C765-461D-9DBC-8EC0E75173B9}.Debug|Any CPU.Build.0 = Debug|Any CPU
		{89C1499D-C765-461D-9DBC-8EC0E75173B9}.Release|Any CPU.ActiveCfg = Release|Any CPU
		{89C1499D-C765-461D-9DBC-8EC0E75173B9}.Release|Any CPU.Build.0 = Release|Any CPU
		{7770038C-8C42-49DC-8CB8-2464395C5FA9}.Debug|Any CPU.ActiveCfg = Debug|Any CPU
		{7770038C-8C42-49DC-8CB8-2464395C5FA9}.Debug|Any CPU.Build.0 = Debug|Any CPU
		{7770038C-8C42-49DC-8CB8-2464395C5FA9}.Release|Any CPU.ActiveCfg = Release|Any CPU
		{7770038C-8C42-49DC-8CB8-2464395C5FA9}.Release|Any CPU.Build.0 = Release|Any CPU
		{5312BE19-52C6-4C56-B67C-DF9493F7F083}.Debug|Any CPU.ActiveCfg = Debug|Any CPU
		{5312BE19-52C6-4C56-B67C-DF9493F7F083}.Debug|Any CPU.Build.0 = Debug|Any CPU
		{5312BE19-52C6-4C56-B67C-DF9493F7F083}.Release|Any CPU.ActiveCfg = Release|Any CPU
		{5312BE19-52C6-4C56-B67C-DF9493F7F083}.Release|Any CPU.Build.0 = Release|Any CPU
		{FA9BEB70-82E8-4042-AFFE-2830CF6EC6A9}.Debug|Any CPU.ActiveCfg = Debug|Any CPU
		{FA9BEB70-82E8-4042-AFFE-2830CF6EC6A9}.Debug|Any CPU.Build.0 = Debug|Any CPU
		{FA9BEB70-82E8-4042-AFFE-2830CF6EC6A9}.Release|Any CPU.ActiveCfg = Release|Any CPU
		{FA9BEB70-82E8-4042-AFFE-2830CF6EC6A9}.Release|Any CPU.Build.0 = Release|Any CPU
		{3F5339C0-1305-4AE0-9E44-AD4E7D73D3DE}.Debug|Any CPU.ActiveCfg = Debug|Any CPU
		{3F5339C0-1305-4AE0-9E44-AD4E7D73D3DE}.Debug|Any CPU.Build.0 = Debug|Any CPU
		{3F5339C0-1305-4AE0-9E44-AD4E7D73D3DE}.Release|Any CPU.ActiveCfg = Release|Any CPU
		{3F5339C0-1305-4AE0-9E44-AD4E7D73D3DE}.Release|Any CPU.Build.0 = Release|Any CPU
		{565F0385-3D23-4F73-A168-7ECEAB370193}.Debug|Any CPU.ActiveCfg = Debug|Any CPU
		{565F0385-3D23-4F73-A168-7ECEAB370193}.Debug|Any CPU.Build.0 = Debug|Any CPU
		{565F0385-3D23-4F73-A168-7ECEAB370193}.Release|Any CPU.ActiveCfg = Release|Any CPU
		{565F0385-3D23-4F73-A168-7ECEAB370193}.Release|Any CPU.Build.0 = Release|Any CPU
		{1FC2D3C4-B53C-420E-BA6A-3250DDCDAA3E}.Debug|Any CPU.ActiveCfg = Debug|Any CPU
		{1FC2D3C4-B53C-420E-BA6A-3250DDCDAA3E}.Debug|Any CPU.Build.0 = Debug|Any CPU
		{1FC2D3C4-B53C-420E-BA6A-3250DDCDAA3E}.Release|Any CPU.ActiveCfg = Release|Any CPU
		{1FC2D3C4-B53C-420E-BA6A-3250DDCDAA3E}.Release|Any CPU.Build.0 = Release|Any CPU
		{9F1E7052-6A12-4949-98C3-241E6C202693}.Debug|Any CPU.ActiveCfg = Debug|Any CPU
		{9F1E7052-6A12-4949-98C3-241E6C202693}.Debug|Any CPU.Build.0 = Debug|Any CPU
		{9F1E7052-6A12-4949-98C3-241E6C202693}.Release|Any CPU.ActiveCfg = Release|Any CPU
		{9F1E7052-6A12-4949-98C3-241E6C202693}.Release|Any CPU.Build.0 = Release|Any CPU
		{9F62C1FD-7EF0-40D1-9D6C-65B0F99BE467}.Debug|Any CPU.ActiveCfg = Debug|Any CPU
		{9F62C1FD-7EF0-40D1-9D6C-65B0F99BE467}.Debug|Any CPU.Build.0 = Debug|Any CPU
		{9F62C1FD-7EF0-40D1-9D6C-65B0F99BE467}.Release|Any CPU.ActiveCfg = Release|Any CPU
		{9F62C1FD-7EF0-40D1-9D6C-65B0F99BE467}.Release|Any CPU.Build.0 = Release|Any CPU
		{508982D8-1A70-4E76-AB3E-D2C52FA023DE}.Debug|Any CPU.ActiveCfg = Debug|Any CPU
		{508982D8-1A70-4E76-AB3E-D2C52FA023DE}.Debug|Any CPU.Build.0 = Debug|Any CPU
		{508982D8-1A70-4E76-AB3E-D2C52FA023DE}.Release|Any CPU.ActiveCfg = Release|Any CPU
		{508982D8-1A70-4E76-AB3E-D2C52FA023DE}.Release|Any CPU.Build.0 = Release|Any CPU
		{AE749D91-6EC5-4DDA-9FBF-D2DE6866C189}.Debug|Any CPU.ActiveCfg = Debug|Any CPU
		{AE749D91-6EC5-4DDA-9FBF-D2DE6866C189}.Debug|Any CPU.Build.0 = Debug|Any CPU
		{AE749D91-6EC5-4DDA-9FBF-D2DE6866C189}.Release|Any CPU.ActiveCfg = Release|Any CPU
		{AE749D91-6EC5-4DDA-9FBF-D2DE6866C189}.Release|Any CPU.Build.0 = Release|Any CPU
		{83E38067-3912-4235-8B47-C48B1F114466}.Debug|Any CPU.ActiveCfg = Debug|Any CPU
		{83E38067-3912-4235-8B47-C48B1F114466}.Debug|Any CPU.Build.0 = Debug|Any CPU
		{83E38067-3912-4235-8B47-C48B1F114466}.Release|Any CPU.ActiveCfg = Release|Any CPU
		{83E38067-3912-4235-8B47-C48B1F114466}.Release|Any CPU.Build.0 = Release|Any CPU
		{B070FB03-1773-44CD-85D9-97F90C67C69D}.Debug|Any CPU.ActiveCfg = Debug|Any CPU
		{B070FB03-1773-44CD-85D9-97F90C67C69D}.Debug|Any CPU.Build.0 = Debug|Any CPU
		{B070FB03-1773-44CD-85D9-97F90C67C69D}.Release|Any CPU.ActiveCfg = Release|Any CPU
		{B070FB03-1773-44CD-85D9-97F90C67C69D}.Release|Any CPU.Build.0 = Release|Any CPU
		{ED487EB1-5D3C-4BD5-AAA1-06CAD21DE85B}.Debug|Any CPU.ActiveCfg = Debug|Any CPU
		{ED487EB1-5D3C-4BD5-AAA1-06CAD21DE85B}.Debug|Any CPU.Build.0 = Debug|Any CPU
		{ED487EB1-5D3C-4BD5-AAA1-06CAD21DE85B}.Release|Any CPU.ActiveCfg = Release|Any CPU
		{ED487EB1-5D3C-4BD5-AAA1-06CAD21DE85B}.Release|Any CPU.Build.0 = Release|Any CPU
		{732998A4-6C57-4A98-BD7A-53850D4402AF}.Debug|Any CPU.ActiveCfg = Debug|Any CPU
		{732998A4-6C57-4A98-BD7A-53850D4402AF}.Debug|Any CPU.Build.0 = Debug|Any CPU
		{732998A4-6C57-4A98-BD7A-53850D4402AF}.Release|Any CPU.ActiveCfg = Release|Any CPU
		{732998A4-6C57-4A98-BD7A-53850D4402AF}.Release|Any CPU.Build.0 = Release|Any CPU
	EndGlobalSection
	GlobalSection(SolutionProperties) = preSolution
		HideSolutionNode = FALSE
	EndGlobalSection
EndGlobal
